
Microsoft Visual Studio Solution File, Format Version 12.00
# Visual Studio 2012
Project("{FAE04EC0-301F-11D3-BF4B-00C04F79EFBC}") = "CSerpisGtk", "CSerpisGtk\CSerpisGtk.csproj", "{39FBE8D9-2451-4F61-863C-604375A74F0F}"
EndProject
Global
	GlobalSection(SolutionConfigurationPlatforms) = preSolution
		Debug|Any CPU = Debug|Any CPU
		Release|Any CPU = Release|Any CPU
	EndGlobalSection
	GlobalSection(ProjectConfigurationPlatforms) = postSolution
		{39FBE8D9-2451-4F61-863C-604375A74F0F}.Debug|Any CPU.ActiveCfg = Debug|Any CPU
		{39FBE8D9-2451-4F61-863C-604375A74F0F}.Debug|Any CPU.Build.0 = Debug|Any CPU
		{39FBE8D9-2451-4F61-863C-604375A74F0F}.Release|Any CPU.ActiveCfg = Release|Any CPU
		{39FBE8D9-2451-4F61-863C-604375A74F0F}.Release|Any CPU.Build.0 = Release|Any CPU
	EndGlobalSection
EndGlobal
